// !$*UTF8*$!
{
	archiveVersion = 1;
	classes = {
	};
	objectVersion = 46;
	objects = {

/* Begin PBXBuildFile section */
		9A58BFB21AA4DE31002E7182 /* main.cpp in Sources */ = {isa = PBXBuildFile; fileRef = 9A58BFB11AA4DE31002E7182 /* main.cpp */; };
		9A58BFB91AA4EBDE002E7182 /* libopencv_imgproc.2.4.dylib in Frameworks */ = {isa = PBXBuildFile; fileRef = 9A58BFB81AA4EBDD002E7182 /* libopencv_imgproc.2.4.dylib */; };
		9A58BFBB1AA4EBF9002E7182 /* libopencv_highgui.2.4.dylib in Frameworks */ = {isa = PBXBuildFile; fileRef = 9A58BFBA1AA4EBF9002E7182 /* libopencv_highgui.2.4.dylib */; };
		9A58BFBD1AA4EC05002E7182 /* libopencv_core.2.4.10.dylib in Frameworks */ = {isa = PBXBuildFile; fileRef = 9A58BFBC1AA4EC05002E7182 /* libopencv_core.2.4.10.dylib */; };
		9A7E934D1AB0314C00D6796A /* RegionGrowing.cpp in Sources */ = {isa = PBXBuildFile; fileRef = 9A7E934B1AB0314C00D6796A /* RegionGrowing.cpp */; };
		9A7E93501AB0348000D6796A /* Pos.cpp in Sources */ = {isa = PBXBuildFile; fileRef = 9A7E934E1AB0348000D6796A /* Pos.cpp */; };
/* End PBXBuildFile section */

/* Begin PBXCopyFilesBuildPhase section */
		9A58BFAC1AA4DE31002E7182 /* CopyFiles */ = {
			isa = PBXCopyFilesBuildPhase;
			buildActionMask = 2147483647;
			dstPath = /usr/share/man/man1/;
			dstSubfolderSpec = 0;
			files = (
			);
			runOnlyForDeploymentPostprocessing = 1;
		};
/* End PBXCopyFilesBuildPhase section */

/* Begin PBXFileReference section */
		9A58BFAE1AA4DE31002E7182 /* opencv2withxcode */ = {isa = PBXFileReference; explicitFileType = "compiled.mach-o.executable"; includeInIndex = 0; path = opencv2withxcode; sourceTree = BUILT_PRODUCTS_DIR; };
		9A58BFB11AA4DE31002E7182 /* main.cpp */ = {isa = PBXFileReference; lastKnownFileType = sourcecode.cpp.cpp; path = main.cpp; sourceTree = "<group>"; };
		9A58BFB81AA4EBDD002E7182 /* libopencv_imgproc.2.4.dylib */ = {isa = PBXFileReference; lastKnownFileType = "compiled.mach-o.dylib"; name = libopencv_imgproc.2.4.dylib; path = ../../../../../usr/local/Cellar/opencv/2.4.10.1/lib/libopencv_imgproc.2.4.dylib; sourceTree = "<group>"; };
		9A58BFBA1AA4EBF9002E7182 /* libopencv_highgui.2.4.dylib */ = {isa = PBXFileReference; lastKnownFileType = "compiled.mach-o.dylib"; name = libopencv_highgui.2.4.dylib; path = ../../../../../usr/local/Cellar/opencv/2.4.10.1/lib/libopencv_highgui.2.4.dylib; sourceTree = "<group>"; };
		9A58BFBC1AA4EC05002E7182 /* libopencv_core.2.4.10.dylib */ = {isa = PBXFileReference; lastKnownFileType = "compiled.mach-o.dylib"; name = libopencv_core.2.4.10.dylib; path = ../../../../../usr/local/Cellar/opencv/2.4.10.1/lib/libopencv_core.2.4.10.dylib; sourceTree = "<group>"; };
		9A7E93431AB02C5500D6796A /* 2015-03-10 15.13.37.png */ = {isa = PBXFileReference; lastKnownFileType = image.png; name = "2015-03-10 15.13.37.png"; path = "../../../Dropbox/研究室/マウスの目/2015-03-10 15.13.37.png"; sourceTree = "<group>"; };
		9A7E93441AB02C5500D6796A /* 2015-03-10 15.13.39.png */ = {isa = PBXFileReference; lastKnownFileType = image.png; name = "2015-03-10 15.13.39.png"; path = "../../../Dropbox/研究室/マウスの目/2015-03-10 15.13.39.png"; sourceTree = "<group>"; };
		9A7E93451AB02C5500D6796A /* 2015-03-10 15.15.44.png */ = {isa = PBXFileReference; lastKnownFileType = image.png; name = "2015-03-10 15.15.44.png"; path = "../../../Dropbox/研究室/マウスの目/2015-03-10 15.15.44.png"; sourceTree = "<group>"; };
		9A7E93461AB02C5500D6796A /* 2015-03-10 15.15.55.png */ = {isa = PBXFileReference; lastKnownFileType = image.png; name = "2015-03-10 15.15.55.png"; path = "../../../Dropbox/研究室/マウスの目/2015-03-10 15.15.55.png"; sourceTree = "<group>"; };
		9A7E93471AB02C5500D6796A /* 2015-03-10 15.16.06.png */ = {isa = PBXFileReference; lastKnownFileType = image.png; name = "2015-03-10 15.16.06.png"; path = "../../../Dropbox/研究室/マウスの目/2015-03-10 15.16.06.png"; sourceTree = "<group>"; };
		9A7E93481AB02C5500D6796A /* 2015-03-10 15.17.22.png */ = {isa = PBXFileReference; lastKnownFileType = image.png; name = "2015-03-10 15.17.22.png"; path = "../../../Dropbox/研究室/マウスの目/2015-03-10 15.17.22.png"; sourceTree = "<group>"; };
		9A7E93491AB02C5500D6796A /* 2015-03-10 15.17.25.png */ = {isa = PBXFileReference; lastKnownFileType = image.png; name = "2015-03-10 15.17.25.png"; path = "../../../Dropbox/研究室/マウスの目/2015-03-10 15.17.25.png"; sourceTree = "<group>"; };
		9A7E934A1AB02C5500D6796A /* 2015-03-10 15.17.46.png */ = {isa = PBXFileReference; lastKnownFileType = image.png; name = "2015-03-10 15.17.46.png"; path = "../../../Dropbox/研究室/マウスの目/2015-03-10 15.17.46.png"; sourceTree = "<group>"; };
		9A7E934B1AB0314C00D6796A /* RegionGrowing.cpp */ = {isa = PBXFileReference; fileEncoding = 4; lastKnownFileType = sourcecode.cpp.cpp; path = RegionGrowing.cpp; sourceTree = "<group>"; };
		9A7E934C1AB0314C00D6796A /* RegionGrowing.h */ = {isa = PBXFileReference; fileEncoding = 4; lastKnownFileType = sourcecode.c.h; path = RegionGrowing.h; sourceTree = "<group>"; };
		9A7E934E1AB0348000D6796A /* Pos.cpp */ = {isa = PBXFileReference; fileEncoding = 4; lastKnownFileType = sourcecode.cpp.cpp; path = Pos.cpp; sourceTree = "<group>"; };
		9A7E934F1AB0348000D6796A /* Pos.h */ = {isa = PBXFileReference; fileEncoding = 4; lastKnownFileType = sourcecode.c.h; path = Pos.h; sourceTree = "<group>"; };
/* End PBXFileReference section */

/* Begin PBXFrameworksBuildPhase section */
		9A58BFAB1AA4DE31002E7182 /* Frameworks */ = {
			isa = PBXFrameworksBuildPhase;
			buildActionMask = 2147483647;
			files = (
				9A58BFB91AA4EBDE002E7182 /* libopencv_imgproc.2.4.dylib in Frameworks */,
				9A58BFBD1AA4EC05002E7182 /* libopencv_core.2.4.10.dylib in Frameworks */,
				9A58BFBB1AA4EBF9002E7182 /* libopencv_highgui.2.4.dylib in Frameworks */,
			);
			runOnlyForDeploymentPostprocessing = 0;
		};
/* End PBXFrameworksBuildPhase section */

/* Begin PBXGroup section */
		9A58BFA51AA4DE30002E7182 = {
			isa = PBXGroup;
			children = (
				9A58BFBC1AA4EC05002E7182 /* libopencv_core.2.4.10.dylib */,
				9A58BFBA1AA4EBF9002E7182 /* libopencv_highgui.2.4.dylib */,
				9A58BFB81AA4EBDD002E7182 /* libopencv_imgproc.2.4.dylib */,
				9AB0EDA21AA6F4D700DB33B2 /* PupilImages */,
				9A58BFB01AA4DE31002E7182 /* opencv2withxcode */,
				9A58BFAF1AA4DE31002E7182 /* Products */,
			);
			sourceTree = "<group>";
		};
		9A58BFAF1AA4DE31002E7182 /* Products */ = {
			isa = PBXGroup;
			children = (
				9A58BFAE1AA4DE31002E7182 /* opencv2withxcode */,
			);
			name = Products;
			sourceTree = "<group>";
		};
		9A58BFB01AA4DE31002E7182 /* opencv2withxcode */ = {
			isa = PBXGroup;
			children = (
				9A58BFB11AA4DE31002E7182 /* main.cpp */,
				9A7E934B1AB0314C00D6796A /* RegionGrowing.cpp */,
				9A7E934C1AB0314C00D6796A /* RegionGrowing.h */,
				9A7E934E1AB0348000D6796A /* Pos.cpp */,
				9A7E934F1AB0348000D6796A /* Pos.h */,
			);
			path = opencv2withxcode;
			sourceTree = "<group>";
		};
		9AB0EDA21AA6F4D700DB33B2 /* PupilImages */ = {
			isa = PBXGroup;
			children = (
				9A7E93431AB02C5500D6796A /* 2015-03-10 15.13.37.png */,
				9A7E93441AB02C5500D6796A /* 2015-03-10 15.13.39.png */,
				9A7E93451AB02C5500D6796A /* 2015-03-10 15.15.44.png */,
				9A7E93461AB02C5500D6796A /* 2015-03-10 15.15.55.png */,
				9A7E93471AB02C5500D6796A /* 2015-03-10 15.16.06.png */,
				9A7E93481AB02C5500D6796A /* 2015-03-10 15.17.22.png */,
				9A7E93491AB02C5500D6796A /* 2015-03-10 15.17.25.png */,
				9A7E934A1AB02C5500D6796A /* 2015-03-10 15.17.46.png */,
			);
			name = PupilImages;
			sourceTree = "<group>";
		};
/* End PBXGroup section */

/* Begin PBXNativeTarget section */
		9A58BFAD1AA4DE31002E7182 /* opencv2withxcode */ = {
			isa = PBXNativeTarget;
			buildConfigurationList = 9A58BFB51AA4DE31002E7182 /* Build configuration list for PBXNativeTarget "opencv2withxcode" */;
			buildPhases = (
				9A58BFAA1AA4DE31002E7182 /* Sources */,
				9A58BFAB1AA4DE31002E7182 /* Frameworks */,
				9A58BFAC1AA4DE31002E7182 /* CopyFiles */,
			);
			buildRules = (
			);
			dependencies = (
			);
			name = opencv2withxcode;
			productName = opencv2withxcode;
			productReference = 9A58BFAE1AA4DE31002E7182 /* opencv2withxcode */;
			productType = "com.apple.product-type.tool";
		};
/* End PBXNativeTarget section */

/* Begin PBXProject section */
		9A58BFA61AA4DE30002E7182 /* Project object */ = {
			isa = PBXProject;
			attributes = {
				LastUpgradeCheck = 0610;
				ORGANIZATIONNAME = "takuma arimura";
				TargetAttributes = {
					9A58BFAD1AA4DE31002E7182 = {
						CreatedOnToolsVersion = 6.1.1;
					};
				};
			};
			buildConfigurationList = 9A58BFA91AA4DE30002E7182 /* Build configuration list for PBXProject "opencv2withxcode" */;
			compatibilityVersion = "Xcode 3.2";
			developmentRegion = English;
			hasScannedForEncodings = 0;
			knownRegions = (
				en,
			);
			mainGroup = 9A58BFA51AA4DE30002E7182;
			productRefGroup = 9A58BFAF1AA4DE31002E7182 /* Products */;
			projectDirPath = "";
			projectRoot = "";
			targets = (
				9A58BFAD1AA4DE31002E7182 /* opencv2withxcode */,
			);
		};
/* End PBXProject section */

/* Begin PBXSourcesBuildPhase section */
		9A58BFAA1AA4DE31002E7182 /* Sources */ = {
			isa = PBXSourcesBuildPhase;
			buildActionMask = 2147483647;
			files = (
				9A7E93501AB0348000D6796A /* Pos.cpp in Sources */,
				9A58BFB21AA4DE31002E7182 /* main.cpp in Sources */,
				9A7E934D1AB0314C00D6796A /* RegionGrowing.cpp in Sources */,
			);
			runOnlyForDeploymentPostprocessing = 0;
		};
/* End PBXSourcesBuildPhase section */

/* Begin XCBuildConfiguration section */
		9A58BFB31AA4DE31002E7182 /* Debug */ = {
			isa = XCBuildConfiguration;
			buildSettings = {
				ALWAYS_SEARCH_USER_PATHS = NO;
				CLANG_CXX_LANGUAGE_STANDARD = "gnu++0x";
				CLANG_CXX_LIBRARY = "libc++";
				CLANG_ENABLE_MODULES = YES;
				CLANG_ENABLE_OBJC_ARC = YES;
				CLANG_WARN_BOOL_CONVERSION = YES;
				CLANG_WARN_CONSTANT_CONVERSION = YES;
				CLANG_WARN_DIRECT_OBJC_ISA_USAGE = YES_ERROR;
				CLANG_WARN_EMPTY_BODY = YES;
				CLANG_WARN_ENUM_CONVERSION = YES;
				CLANG_WARN_INT_CONVERSION = YES;
				CLANG_WARN_OBJC_ROOT_CLASS = YES_ERROR;
				CLANG_WARN_UNREACHABLE_CODE = YES;
				CLANG_WARN__DUPLICATE_METHOD_MATCH = YES;
				COPY_PHASE_STRIP = NO;
				ENABLE_STRICT_OBJC_MSGSEND = YES;
				GCC_C_LANGUAGE_STANDARD = gnu99;
				GCC_DYNAMIC_NO_PIC = NO;
				GCC_OPTIMIZATION_LEVEL = 0;
				GCC_PREPROCESSOR_DEFINITIONS = (
					"DEBUG=1",
					"$(inherited)",
				);
				GCC_SYMBOLS_PRIVATE_EXTERN = NO;
				GCC_WARN_64_TO_32_BIT_CONVERSION = YES;
				GCC_WARN_ABOUT_RETURN_TYPE = YES_ERROR;
				GCC_WARN_UNDECLARED_SELECTOR = YES;
				GCC_WARN_UNINITIALIZED_AUTOS = YES_AGGRESSIVE;
				GCC_WARN_UNUSED_FUNCTION = YES;
				GCC_WARN_UNUSED_VARIABLE = YES;
				MACOSX_DEPLOYMENT_TARGET = 10.9;
				MTL_ENABLE_DEBUG_INFO = YES;
				ONLY_ACTIVE_ARCH = YES;
				SDKROOT = macosx;
			};
			name = Debug;
		};
		9A58BFB41AA4DE31002E7182 /* Release */ = {
			isa = XCBuildConfiguration;
			buildSettings = {
				ALWAYS_SEARCH_USER_PATHS = NO;
				CLANG_CXX_LANGUAGE_STANDARD = "gnu++0x";
				CLANG_CXX_LIBRARY = "libc++";
				CLANG_ENABLE_MODULES = YES;
				CLANG_ENABLE_OBJC_ARC = YES;
				CLANG_WARN_BOOL_CONVERSION = YES;
				CLANG_WARN_CONSTANT_CONVERSION = YES;
				CLANG_WARN_DIRECT_OBJC_ISA_USAGE = YES_ERROR;
				CLANG_WARN_EMPTY_BODY = YES;
				CLANG_WARN_ENUM_CONVERSION = YES;
				CLANG_WARN_INT_CONVERSION = YES;
				CLANG_WARN_OBJC_ROOT_CLASS = YES_ERROR;
				CLANG_WARN_UNREACHABLE_CODE = YES;
				CLANG_WARN__DUPLICATE_METHOD_MATCH = YES;
				COPY_PHASE_STRIP = YES;
				DEBUG_INFORMATION_FORMAT = "dwarf-with-dsym";
				ENABLE_NS_ASSERTIONS = NO;
				ENABLE_STRICT_OBJC_MSGSEND = YES;
				GCC_C_LANGUAGE_STANDARD = gnu99;
				GCC_WARN_64_TO_32_BIT_CONVERSION = YES;
				GCC_WARN_ABOUT_RETURN_TYPE = YES_ERROR;
				GCC_WARN_UNDECLARED_SELECTOR = YES;
				GCC_WARN_UNINITIALIZED_AUTOS = YES_AGGRESSIVE;
				GCC_WARN_UNUSED_FUNCTION = YES;
				GCC_WARN_UNUSED_VARIABLE = YES;
				MACOSX_DEPLOYMENT_TARGET = 10.9;
				MTL_ENABLE_DEBUG_INFO = NO;
				SDKROOT = macosx;
			};
			name = Release;
		};
		9A58BFB61AA4DE31002E7182 /* Debug */ = {
			isa = XCBuildConfiguration;
			buildSettings = {
				"HEADER_SEARCH_PATHS[arch=*]" = /usr/local/Cellar/opencv/2.4.10.1/include;
				LIBRARY_SEARCH_PATHS = (
					"$(inherited)",
					/usr/local/Cellar/opencv/2.4.10.1/lib,
				);
				PRODUCT_NAME = "$(TARGET_NAME)";
			};
			name = Debug;
		};
		9A58BFB71AA4DE31002E7182 /* Release */ = {
			isa = XCBuildConfiguration;
			buildSettings = {
				"HEADER_SEARCH_PATHS[arch=*]" = /usr/local/Cellar/opencv/2.4.10.1/include;
				LIBRARY_SEARCH_PATHS = (
					"$(inherited)",
					/usr/local/Cellar/opencv/2.4.10.1/lib,
				);
				PRODUCT_NAME = "$(TARGET_NAME)";
			};
			name = Release;
		};
/* End XCBuildConfiguration section */

/* Begin XCConfigurationList section */
		9A58BFA91AA4DE30002E7182 /* Build configuration list for PBXProject "opencv2withxcode" */ = {
			isa = XCConfigurationList;
			buildConfigurations = (
				9A58BFB31AA4DE31002E7182 /* Debug */,
				9A58BFB41AA4DE31002E7182 /* Release */,
			);
			defaultConfigurationIsVisible = 0;
			defaultConfigurationName = Release;
		};
		9A58BFB51AA4DE31002E7182 /* Build configuration list for PBXNativeTarget "opencv2withxcode" */ = {
			isa = XCConfigurationList;
			buildConfigurations = (
				9A58BFB61AA4DE31002E7182 /* Debug */,
				9A58BFB71AA4DE31002E7182 /* Release */,
			);
			defaultConfigurationIsVisible = 0;
			defaultConfigurationName = Release;
		};
/* End XCConfigurationList section */
	};
	rootObject = 9A58BFA61AA4DE30002E7182 /* Project object */;
}
